
Microsoft Visual Studio Solution File, Format Version 12.00
# Visual Studio 14
VisualStudioVersion = 14.0.24720.0
MinimumVisualStudioVersion = 10.0.40219.1
Project("{FAE04EC0-301F-11D3-BF4B-00C04F79EFBC}") = "Bank", "Bank\Bank.csproj", "{732ECD82-D337-4F47-B088-3BCD8706A430}"
EndProject
Project("{FAE04EC0-301F-11D3-BF4B-00C04F79EFBC}") = "BankTests", "BankTests\BankTests.csproj", "{95DB0A8E-22CB-4A92-A341-92EF227FCBB5}"
EndProject
Global
	GlobalSection(SolutionConfigurationPlatforms) = preSolution
		Debug|Any CPU = Debug|Any CPU
		Release|Any CPU = Release|Any CPU
	EndGlobalSection
	GlobalSection(ProjectConfigurationPlatforms) = postSolution
		{732ECD82-D337-4F47-B088-3BCD8706A430}.Debug|Any CPU.ActiveCfg = Debug|Any CPU
		{732ECD82-D337-4F47-B088-3BCD8706A430}.Debug|Any CPU.Build.0 = Debug|Any CPU
		{732ECD82-D337-4F47-B088-3BCD8706A430}.Release|Any CPU.ActiveCfg = Release|Any CPU
		{732ECD82-D337-4F47-B088-3BCD8706A430}.Release|Any CPU.Build.0 = Release|Any CPU
		{95DB0A8E-22CB-4A92-A341-92EF227FCBB5}.Debug|Any CPU.ActiveCfg = Debug|Any CPU
		{95DB0A8E-22CB-4A92-A341-92EF227FCBB5}.Debug|Any CPU.Build.0 = Debug|Any CPU
		{95DB0A8E-22CB-4A92-A341-92EF227FCBB5}.Release|Any CPU.ActiveCfg = Release|Any CPU
		{95DB0A8E-22CB-4A92-A341-92EF227FCBB5}.Release|Any CPU.Build.0 = Release|Any CPU
	EndGlobalSection
	GlobalSection(SolutionProperties) = preSolution
		HideSolutionNode = FALSE
	EndGlobalSection
EndGlobal
